
Microsoft Visual Studio Solution File, Format Version 12.00
# Visual Studio Version 16
VisualStudioVersion = 16.0.35026.282
MinimumVisualStudioVersion = 10.0.40219.1
Project("{FAE04EC0-301F-11D3-BF4B-00C04F79EFBC}") = "CashalotPRRO", "CashalotPRRO\CashalotPRRO.csproj", "{40B4788E-FE02-4A91-B772-06B153A0A7A7}"
EndProject
Project("{FAE04EC0-301F-11D3-BF4B-00C04F79EFBC}") = "CashalotUI", "CashalotUI\CashalotUI.csproj", "{7B0B2583-273B-4469-B099-648F9CBFF4C5}"
EndProject
Global
	GlobalSection(SolutionConfigurationPlatforms) = preSolution
		Debug|Any CPU = Debug|Any CPU
		Release|Any CPU = Release|Any CPU
	EndGlobalSection
	GlobalSection(ProjectConfigurationPlatforms) = postSolution
		{40B4788E-FE02-4A91-B772-06B153A0A7A7}.Debug|Any CPU.ActiveCfg = Debug|Any CPU
		{40B4788E-FE02-4A91-B772-06B153A0A7A7}.Debug|Any CPU.Build.0 = Debug|Any CPU
		{40B4788E-FE02-4A91-B772-06B153A0A7A7}.Release|Any CPU.ActiveCfg = Release|Any CPU
		{40B4788E-FE02-4A91-B772-06B153A0A7A7}.Release|Any CPU.Build.0 = Release|Any CPU
		{7B0B2583-273B-4469-B099-648F9CBFF4C5}.Debug|Any CPU.ActiveCfg = Debug|Any CPU
		{7B0B2583-273B-4469-B099-648F9CBFF4C5}.Debug|Any CPU.Build.0 = Debug|Any CPU
		{7B0B2583-273B-4469-B099-648F9CBFF4C5}.Release|Any CPU.ActiveCfg = Release|Any CPU
		{7B0B2583-273B-4469-B099-648F9CBFF4C5}.Release|Any CPU.Build.0 = Release|Any CPU
	EndGlobalSection
	GlobalSection(SolutionProperties) = preSolution
		HideSolutionNode = FALSE
	EndGlobalSection
	GlobalSection(ExtensibilityGlobals) = postSolution
		SolutionGuid = {A7D1EB1E-1553-4DC4-B0B9-55AB75792726}
	EndGlobalSection
EndGlobal
